
Microsoft Visual Studio Solution File, Format Version 12.00
# Visual Studio Version 16
VisualStudioVersion = 16.0.30804.86
MinimumVisualStudioVersion = 10.0.40219.1
Project("{FAE04EC0-301F-11D3-BF4B-00C04F79EFBC}") = "DataAccess", "DataAccess\DataAccess.csproj", "{2D3841EB-B28C-487C-838A-691C51E0B9F8}"
EndProject
Project("{FAE04EC0-301F-11D3-BF4B-00C04F79EFBC}") = "Business", "Business\Business.csproj", "{5F02DC5F-6BC9-44E6-997A-7F3EBB4435C8}"
EndProject
Project("{FAE04EC0-301F-11D3-BF4B-00C04F79EFBC}") = "Entities", "Entities\Entities.csproj", "{A95185AA-E817-4145-9430-FA50A2FAF81A}"
EndProject
Project("{FAE04EC0-301F-11D3-BF4B-00C04F79EFBC}") = "ConsoleUI", "ConsoleUI\ConsoleUI.csproj", "{A7C368D2-41F4-4036-A2F4-F5EBEE4BC744}"
EndProject
Global
	GlobalSection(SolutionConfigurationPlatforms) = preSolution
		Debug|Any CPU = Debug|Any CPU
		Release|Any CPU = Release|Any CPU
	EndGlobalSection
	GlobalSection(ProjectConfigurationPlatforms) = postSolution
		{2D3841EB-B28C-487C-838A-691C51E0B9F8}.Debug|Any CPU.ActiveCfg = Debug|Any CPU
		{2D3841EB-B28C-487C-838A-691C51E0B9F8}.Debug|Any CPU.Build.0 = Debug|Any CPU
		{2D3841EB-B28C-487C-838A-691C51E0B9F8}.Release|Any CPU.ActiveCfg = Release|Any CPU
		{2D3841EB-B28C-487C-838A-691C51E0B9F8}.Release|Any CPU.Build.0 = Release|Any CPU
		{5F02DC5F-6BC9-44E6-997A-7F3EBB4435C8}.Debug|Any CPU.ActiveCfg = Debug|Any CPU
		{5F02DC5F-6BC9-44E6-997A-7F3EBB4435C8}.Debug|Any CPU.Build.0 = Debug|Any CPU
		{5F02DC5F-6BC9-44E6-997A-7F3EBB4435C8}.Release|Any CPU.ActiveCfg = Release|Any CPU
		{5F02DC5F-6BC9-44E6-997A-7F3EBB4435C8}.Release|Any CPU.Build.0 = Release|Any CPU
		{A95185AA-E817-4145-9430-FA50A2FAF81A}.Debug|Any CPU.ActiveCfg = Debug|Any CPU
		{A95185AA-E817-4145-9430-FA50A2FAF81A}.Debug|Any CPU.Build.0 = Debug|Any CPU
		{A95185AA-E817-4145-9430-FA50A2FAF81A}.Release|Any CPU.ActiveCfg = Release|Any CPU
		{A95185AA-E817-4145-9430-FA50A2FAF81A}.Release|Any CPU.Build.0 = Release|Any CPU
		{A7C368D2-41F4-4036-A2F4-F5EBEE4BC744}.Debug|Any CPU.ActiveCfg = Debug|Any CPU
		{A7C368D2-41F4-4036-A2F4-F5EBEE4BC744}.Debug|Any CPU.Build.0 = Debug|Any CPU
		{A7C368D2-41F4-4036-A2F4-F5EBEE4BC744}.Release|Any CPU.ActiveCfg = Release|Any CPU
		{A7C368D2-41F4-4036-A2F4-F5EBEE4BC744}.Release|Any CPU.Build.0 = Release|Any CPU
	EndGlobalSection
	GlobalSection(SolutionProperties) = preSolution
		HideSolutionNode = FALSE
	EndGlobalSection
	GlobalSection(ExtensibilityGlobals) = postSolution
		SolutionGuid = {35AA99CA-2C6C-4407-9966-50535FEA74A4}
	EndGlobalSection
EndGlobal
